{
  "nodes": {
    "firefox-addons": {
      "inputs": {
        "flake-utils": [
          "utils"
        ],
        "nixpkgs": [
          "nixpkgs"
        ]
      },
      "locked": {
        "dir": "pkgs/firefox-addons",
        "lastModified": 1702195824,
        "narHash": "sha256-jvAv0Ah0bDl8us8mEglQOIcN4e/gBm6DYGa6NPYHY7o=",
        "owner": "rycee",
        "repo": "nur-expressions",
        "rev": "f1b7b6c130755d6e37a477c9772f4625ab1d1ece",
        "type": "gitlab"
      },
      "original": {
        "dir": "pkgs/firefox-addons",
        "owner": "rycee",
        "repo": "nur-expressions",
        "type": "gitlab"
      }
    },
    "home-manager": {
      "inputs": {
        "nixpkgs": [
          "nixpkgs"
        ]
      },
      "locked": {
        "lastModified": 1702203126,
        "narHash": "sha256-4BhN2Vji19MzRC7SUfPZGmtZ2WZydQeUk/ogfRBIZMs=",
        "owner": "nix-community",
        "repo": "home-manager",
        "rev": "defbb9c5857e157703e8fc7cf3c2ceb01cb95883",
        "type": "github"
      },
      "original": {
        "owner": "nix-community",
        "repo": "home-manager",
        "type": "github"
      }
    },
    "kmonad": {
      "inputs": {
        "nixpkgs": [
          "nixpkgs"
        ]
      },
      "locked": {
        "dir": "nix",
        "lastModified": 1701282310,
        "narHash": "sha256-A7TPU/jDzl8I7s4WjZmfN7uBQJskQUx7ayEw+rQO8l0=",
        "ref": "refs/heads/master",
        "rev": "0a761c5e2b7a71a5a203d5f04cd2f7c209e79322",
        "revCount": 769,
        "submodules": true,
        "type": "git",
        "url": "https://github.com/kmonad/kmonad?dir=nix"
      },
      "original": {
        "dir": "nix",
        "submodules": true,
        "type": "git",
        "url": "https://github.com/kmonad/kmonad?dir=nix"
      }
    },
    "naersk": {
      "inputs": {
        "nixpkgs": [
          "uncommitted-rs",
          "nixpkgs"
        ]
      },
      "locked": {
        "lastModified": 1671096816,
        "narHash": "sha256-ezQCsNgmpUHdZANDCILm3RvtO1xH8uujk/+EqNvzIOg=",
        "owner": "nix-community",
        "repo": "naersk",
        "rev": "d998160d6a076cfe8f9741e56aeec7e267e3e114",
        "type": "github"
      },
      "original": {
        "owner": "nix-community",
        "repo": "naersk",
        "type": "github"
      }
    },
    "nix-darwin": {
      "inputs": {
        "nixpkgs": [
          "nixpkgs"
        ]
      },
      "locked": {
        "lastModified": 1700795494,
        "narHash": "sha256-gzGLZSiOhf155FW7262kdHo2YDeugp3VuIFb4/GGng0=",
        "owner": "lnl7",
        "repo": "nix-darwin",
        "rev": "4b9b83d5a92e8c1fbfd8eb27eda375908c11ec4d",
        "type": "github"
      },
      "original": {
        "owner": "lnl7",
        "repo": "nix-darwin",
        "type": "github"
      }
    },
    "nix-index-database": {
      "inputs": {
        "nixpkgs": [
          "nixpkgs"
        ]
      },
      "locked": {
        "lastModified": 1702177733,
        "narHash": "sha256-lr3hkmmuqDFPj3i41cHpaALF3Txo3kxsJ3L6jZLujJ8=",
        "owner": "Mic92",
        "repo": "nix-index-database",
        "rev": "58ecd98e27e27fcbb27a51a588555c828b1ec56e",
        "type": "github"
      },
      "original": {
        "owner": "Mic92",
        "repo": "nix-index-database",
        "type": "github"
      }
    },
    "nixpkgs": {
      "locked": {
        "lastModified": 1702151865,
        "narHash": "sha256-9VAt19t6yQa7pHZLDbil/QctAgVsA66DLnzdRGqDisg=",
        "owner": "NixOS",
        "repo": "nixpkgs",
        "rev": "666fc80e7b2afb570462423cb0e1cf1a3a34fedd",
        "type": "github"
      },
      "original": {
        "id": "nixpkgs",
        "ref": "nixos-unstable",
        "type": "indirect"
      }
    },
    "qbpm": {
      "inputs": {
        "flake-utils": [
          "utils"
        ],
        "nixpkgs": [
          "nixpkgs"
        ],
        "pre-commit-hooks": []
      },
      "locked": {
        "lastModified": 1691814253,
        "narHash": "sha256-K8liQiDWjsCZ/pbd10c8y2Q/hm2RC1bFBHkUmjlOFzA=",
        "owner": "pvsr",
        "repo": "qbpm",
        "rev": "f368a76e93266d84f2e2a2e0171019ef7bd8ccfc",
        "type": "github"
      },
      "original": {
        "owner": "pvsr",
        "repo": "qbpm",
        "type": "github"
      }
    },
    "root": {
      "inputs": {
        "firefox-addons": "firefox-addons",
        "home-manager": "home-manager",
        "kmonad": "kmonad",
        "nix-darwin": "nix-darwin",
        "nix-index-database": "nix-index-database",
        "nixpkgs": "nixpkgs",
        "qbpm": "qbpm",
        "uncommitted-rs": "uncommitted-rs",
        "utils": "utils",
        "vimv2": "vimv2"
      }
    },
    "systems": {
      "locked": {
        "lastModified": 1681028828,
        "narHash": "sha256-Vy1rq5AaRuLzOxct8nz4T6wlgyUR7zLU309k9mBC768=",
        "owner": "nix-systems",
        "repo": "default",
        "rev": "da67096a3b9bf56a91d16901293e51ba5b49a27e",
        "type": "github"
      },
      "original": {
        "owner": "nix-systems",
        "repo": "default",
        "type": "github"
      }
    },
    "uncommitted-rs": {
      "inputs": {
        "naersk": "naersk",
        "nixpkgs": [
          "nixpkgs"
        ],
        "utils": [
          "utils"
        ]
      },
      "locked": {
        "lastModified": 1678762053,
        "narHash": "sha256-9Qyk/bFm0KQrI4tBp9lVIl9udXKzzcE9YjrKkGpSXx8=",
        "owner": "mtoohey31",
        "repo": "uncommitted-rs",
        "rev": "c5098b4f954d38afd380ab0f9c78ad5f3beeea61",
        "type": "github"
      },
      "original": {
        "owner": "mtoohey31",
        "repo": "uncommitted-rs",
        "type": "github"
      }
    },
    "utils": {
      "inputs": {
        "systems": "systems"
      },
      "locked": {
        "lastModified": 1701680307,
        "narHash": "sha256-kAuep2h5ajznlPMD9rnQyffWG8EM/C73lejGofXvdM8=",
        "owner": "numtide",
        "repo": "flake-utils",
        "rev": "4022d587cbbfd70fe950c1e2083a02621806a725",
        "type": "github"
      },
      "original": {
        "owner": "numtide",
        "repo": "flake-utils",
        "type": "github"
      }
    },
    "vimv2": {
      "inputs": {
        "nixpkgs": [
          "nixpkgs"
        ],
        "utils": [
          "utils"
        ]
      },
      "locked": {
        "lastModified": 1702240505,
        "narHash": "sha256-ly9R4No85wt8U7DDl+x/G+5agcpsiU4pUjA1nikViOg=",
        "owner": "mtoohey31",
        "repo": "vimv2",
        "rev": "7b8f3c424dac3ea821927ef9f2f595e22533d623",
        "type": "github"
      },
      "original": {
        "owner": "mtoohey31",
        "repo": "vimv2",
        "type": "github"
      }
    }
  },
  "root": "root",
  "version": 7
}
