{
  "nodes": {
    "crane": {
      "inputs": {
        "nixpkgs": [
          "helix",
          "nixpkgs"
        ]
      },
      "locked": {
        "lastModified": 1701025348,
        "narHash": "sha256-42GHmYH+GF7VjwGSt+fVT1CQuNpGanJbNgVHTAZppUM=",
        "owner": "ipetkov",
        "repo": "crane",
        "rev": "42afaeb1a0325194a7cdb526332d2cb92fddd07b",
        "type": "github"
      },
      "original": {
        "owner": "ipetkov",
        "repo": "crane",
        "type": "github"
      }
    },
    "firefox-addons": {
      "inputs": {
        "flake-utils": [
          "utils"
        ],
        "nixpkgs": [
          "nixpkgs"
        ]
      },
      "locked": {
        "dir": "pkgs/firefox-addons",
        "lastModified": 1704384167,
        "narHash": "sha256-3Bst0uAjpUMKwIoHsSDWBM+A1hz1orxd2jQVOaypvow=",
        "owner": "rycee",
        "repo": "nur-expressions",
        "rev": "99fefb12ae9cd2464591df3652709f513a20a89e",
        "type": "gitlab"
      },
      "original": {
        "dir": "pkgs/firefox-addons",
        "owner": "rycee",
        "repo": "nur-expressions",
        "type": "gitlab"
      }
    },
    "helix": {
      "inputs": {
        "crane": "crane",
        "flake-utils": [
          "utils"
        ],
        "nixpkgs": [
          "nixpkgs"
        ],
        "rust-overlay": "rust-overlay"
      },
      "locked": {
        "lastModified": 1706984613,
        "narHash": "sha256-DPTNU8kSJpa8R+1tMvjHnUnlbUKT+HWCGHSs9c2xRa8=",
        "owner": "helix-editor",
        "repo": "helix",
        "rev": "81ae768a4ea20543bc16246a46552a69204fd7c1",
        "type": "github"
      },
      "original": {
        "owner": "helix-editor",
        "repo": "helix",
        "type": "github"
      }
    },
    "home-manager": {
      "inputs": {
        "nixpkgs": [
          "nixpkgs"
        ]
      },
      "locked": {
        "lastModified": 1704383912,
        "narHash": "sha256-Be7O73qoOj/z+4ZCgizdLlu+5BkVvO2KO299goZ9cW8=",
        "owner": "nix-community",
        "repo": "home-manager",
        "rev": "26b8adb300e50efceb51fff6859a1a6ba1ade4f7",
        "type": "github"
      },
      "original": {
        "owner": "nix-community",
        "repo": "home-manager",
        "type": "github"
      }
    },
    "kmonad": {
      "inputs": {
        "nixpkgs": [
          "nixpkgs"
        ]
      },
      "locked": {
        "dir": "nix",
        "lastModified": 1703250206,
        "narHash": "sha256-oO0bbsYZuL0xGsjk6FSpSVBHZlSVXI9QZdIJcIIB004=",
        "ref": "refs/heads/master",
        "rev": "1c4641f063130165516789e842629e437082c5b8",
        "revCount": 772,
        "submodules": true,
        "type": "git",
        "url": "https://github.com/kmonad/kmonad?dir=nix"
      },
      "original": {
        "dir": "nix",
        "submodules": true,
        "type": "git",
        "url": "https://github.com/kmonad/kmonad?dir=nix"
      }
    },
    "naersk": {
      "inputs": {
        "nixpkgs": [
          "uncommitted-rs",
          "nixpkgs"
        ]
      },
      "locked": {
        "lastModified": 1671096816,
        "narHash": "sha256-ezQCsNgmpUHdZANDCILm3RvtO1xH8uujk/+EqNvzIOg=",
        "owner": "nix-community",
        "repo": "naersk",
        "rev": "d998160d6a076cfe8f9741e56aeec7e267e3e114",
        "type": "github"
      },
      "original": {
        "owner": "nix-community",
        "repo": "naersk",
        "type": "github"
      }
    },
    "nix-darwin": {
      "inputs": {
        "nixpkgs": [
          "nixpkgs"
        ]
      },
      "locked": {
        "lastModified": 1704277720,
        "narHash": "sha256-meAKNgmh3goankLGWqqpw73pm9IvXjEENJloF0coskE=",
        "owner": "lnl7",
        "repo": "nix-darwin",
        "rev": "0dd382b70c351f528561f71a0a7df82c9d2be9a4",
        "type": "github"
      },
      "original": {
        "owner": "lnl7",
        "repo": "nix-darwin",
        "type": "github"
      }
    },
    "nix-index-database": {
      "inputs": {
        "nixpkgs": [
          "nixpkgs"
        ]
      },
      "locked": {
        "lastModified": 1703992163,
        "narHash": "sha256-709CGmwU34dxv8DjSpRBZ+HibVJIVaFcA4JH+GFnhyM=",
        "owner": "Mic92",
        "repo": "nix-index-database",
        "rev": "d6510ce144f5da7dd9bac667ba3d5a4946c00d11",
        "type": "github"
      },
      "original": {
        "owner": "Mic92",
        "repo": "nix-index-database",
        "type": "github"
      }
    },
    "nixpkgs": {
      "locked": {
        "lastModified": 1704194953,
        "narHash": "sha256-RtDKd8Mynhe5CFnVT8s0/0yqtWFMM9LmCzXv/YKxnq4=",
        "owner": "NixOS",
        "repo": "nixpkgs",
        "rev": "bd645e8668ec6612439a9ee7e71f7eac4099d4f6",
        "type": "github"
      },
      "original": {
        "id": "nixpkgs",
        "ref": "nixos-unstable",
        "type": "indirect"
      }
    },
    "qbpm": {
      "inputs": {
        "flake-utils": [
          "utils"
        ],
        "nixpkgs": [
          "nixpkgs"
        ],
        "pre-commit-hooks": []
      },
      "locked": {
        "lastModified": 1691814253,
        "narHash": "sha256-K8liQiDWjsCZ/pbd10c8y2Q/hm2RC1bFBHkUmjlOFzA=",
        "owner": "pvsr",
        "repo": "qbpm",
        "rev": "f368a76e93266d84f2e2a2e0171019ef7bd8ccfc",
        "type": "github"
      },
      "original": {
        "owner": "pvsr",
        "repo": "qbpm",
        "type": "github"
      }
    },
    "root": {
      "inputs": {
        "firefox-addons": "firefox-addons",
        "helix": "helix",
        "home-manager": "home-manager",
        "kmonad": "kmonad",
        "nix-darwin": "nix-darwin",
        "nix-index-database": "nix-index-database",
        "nixpkgs": "nixpkgs",
        "qbpm": "qbpm",
        "uncommitted-rs": "uncommitted-rs",
        "utils": "utils",
        "vimv2": "vimv2"
      }
    },
    "rust-overlay": {
      "inputs": {
        "flake-utils": [
          "helix",
          "flake-utils"
        ],
        "nixpkgs": [
          "helix",
          "nixpkgs"
        ]
      },
      "locked": {
        "lastModified": 1701137803,
        "narHash": "sha256-0LcPAdql5IhQSUXJx3Zna0dYTgdIoYO7zUrsKgiBd04=",
        "owner": "oxalica",
        "repo": "rust-overlay",
        "rev": "9dd940c967502f844eacea52a61e9596268d4f70",
        "type": "github"
      },
      "original": {
        "owner": "oxalica",
        "repo": "rust-overlay",
        "type": "github"
      }
    },
    "systems": {
      "locked": {
        "lastModified": 1681028828,
        "narHash": "sha256-Vy1rq5AaRuLzOxct8nz4T6wlgyUR7zLU309k9mBC768=",
        "owner": "nix-systems",
        "repo": "default",
        "rev": "da67096a3b9bf56a91d16901293e51ba5b49a27e",
        "type": "github"
      },
      "original": {
        "owner": "nix-systems",
        "repo": "default",
        "type": "github"
      }
    },
    "uncommitted-rs": {
      "inputs": {
        "naersk": "naersk",
        "nixpkgs": [
          "nixpkgs"
        ],
        "utils": [
          "utils"
        ]
      },
      "locked": {
        "lastModified": 1678762053,
        "narHash": "sha256-9Qyk/bFm0KQrI4tBp9lVIl9udXKzzcE9YjrKkGpSXx8=",
        "owner": "mtoohey31",
        "repo": "uncommitted-rs",
        "rev": "c5098b4f954d38afd380ab0f9c78ad5f3beeea61",
        "type": "github"
      },
      "original": {
        "owner": "mtoohey31",
        "repo": "uncommitted-rs",
        "type": "github"
      }
    },
    "utils": {
      "inputs": {
        "systems": "systems"
      },
      "locked": {
        "lastModified": 1701680307,
        "narHash": "sha256-kAuep2h5ajznlPMD9rnQyffWG8EM/C73lejGofXvdM8=",
        "owner": "numtide",
        "repo": "flake-utils",
        "rev": "4022d587cbbfd70fe950c1e2083a02621806a725",
        "type": "github"
      },
      "original": {
        "owner": "numtide",
        "repo": "flake-utils",
        "type": "github"
      }
    },
    "vimv2": {
      "inputs": {
        "nixpkgs": [
          "nixpkgs"
        ],
        "utils": [
          "utils"
        ]
      },
      "locked": {
        "lastModified": 1702910493,
        "narHash": "sha256-sUAgi0FOmFD3YyuyjleJNjqA68FN7I+HxvwbKAU4nC4=",
        "owner": "mtoohey31",
        "repo": "vimv2",
        "rev": "a6dc7647bccdc344b9183c7a43b621d827c3ea75",
        "type": "github"
      },
      "original": {
        "owner": "mtoohey31",
        "repo": "vimv2",
        "type": "github"
      }
    }
  },
  "root": "root",
  "version": 7
}
